// !$*UTF8*$!
{
	archiveVersion = 1;
	classes = {
	};
	objectVersion = 52;
	objects = {

/* Begin PBXBuildFile section */
		4129047425D6501600156364 /* Legal.rtf in Resources */ = {isa = PBXBuildFile; fileRef = 4129047025D64FD400156364 /* Legal.rtf */; };
		41668A1025D4F68C00FCBC8A /* AppDelegate.swift in Sources */ = {isa = PBXBuildFile; fileRef = 41668A0F25D4F68C00FCBC8A /* AppDelegate.swift */; };
		41668A1225D4F68C00FCBC8A /* GrimoireViewController.swift in Sources */ = {isa = PBXBuildFile; fileRef = 41668A1125D4F68C00FCBC8A /* GrimoireViewController.swift */; };
		41668A1425D4F68E00FCBC8A /* Assets.xcassets in Resources */ = {isa = PBXBuildFile; fileRef = 41668A1325D4F68E00FCBC8A /* Assets.xcassets */; };
		41668A1725D4F68E00FCBC8A /* Main.storyboard in Resources */ = {isa = PBXBuildFile; fileRef = 41668A1525D4F68E00FCBC8A /* Main.storyboard */; };
		41668A2325D4F68E00FCBC8A /* CocoaGrimoireTests.swift in Sources */ = {isa = PBXBuildFile; fileRef = 41668A2225D4F68E00FCBC8A /* CocoaGrimoireTests.swift */; };
		41668A2E25D4F68E00FCBC8A /* CocoaGrimoireUITests.swift in Sources */ = {isa = PBXBuildFile; fileRef = 41668A2D25D4F68E00FCBC8A /* CocoaGrimoireUITests.swift */; };
		41668A4025D4FCE500FCBC8A /* SwiftSpellBook in Frameworks */ = {isa = PBXBuildFile; productRef = 41668A3F25D4FCE500FCBC8A /* SwiftSpellBook */; };
		41668A5225D4FED600FCBC8A /* CocoaSpellBook in Frameworks */ = {isa = PBXBuildFile; productRef = 41668A5125D4FED600FCBC8A /* CocoaSpellBook */; };
		41668A5B25D5082F00FCBC8A /* PreferencesSpellBook in Frameworks */ = {isa = PBXBuildFile; productRef = 41668A5A25D5082F00FCBC8A /* PreferencesSpellBook */; };
		41668A6125D5E76D00FCBC8A /* SlamTaskSpellBook in Frameworks */ = {isa = PBXBuildFile; productRef = 41668A6025D5E76D00FCBC8A /* SlamTaskSpellBook */; };
/* End PBXBuildFile section */

/* Begin PBXContainerItemProxy section */
		41668A1F25D4F68E00FCBC8A /* PBXContainerItemProxy */ = {
			isa = PBXContainerItemProxy;
			containerPortal = 41668A0425D4F68C00FCBC8A /* Project object */;
			proxyType = 1;
			remoteGlobalIDString = 41668A0B25D4F68C00FCBC8A;
			remoteInfo = CocoaGrimoire;
		};
		41668A2A25D4F68E00FCBC8A /* PBXContainerItemProxy */ = {
			isa = PBXContainerItemProxy;
			containerPortal = 41668A0425D4F68C00FCBC8A /* Project object */;
			proxyType = 1;
			remoteGlobalIDString = 41668A0B25D4F68C00FCBC8A;
			remoteInfo = CocoaGrimoire;
		};
/* End PBXContainerItemProxy section */

/* Begin PBXFileReference section */
		4129047025D64FD400156364 /* Legal.rtf */ = {isa = PBXFileReference; lastKnownFileType = text.rtf; path = Legal.rtf; sourceTree = "<group>"; };
		41668A0C25D4F68C00FCBC8A /* CocoaGrimoire.app */ = {isa = PBXFileReference; explicitFileType = wrapper.application; includeInIndex = 0; path = CocoaGrimoire.app; sourceTree = BUILT_PRODUCTS_DIR; };
		41668A0F25D4F68C00FCBC8A /* AppDelegate.swift */ = {isa = PBXFileReference; lastKnownFileType = sourcecode.swift; path = AppDelegate.swift; sourceTree = "<group>"; };
		41668A1125D4F68C00FCBC8A /* GrimoireViewController.swift */ = {isa = PBXFileReference; lastKnownFileType = sourcecode.swift; path = GrimoireViewController.swift; sourceTree = "<group>"; };
		41668A1325D4F68E00FCBC8A /* Assets.xcassets */ = {isa = PBXFileReference; lastKnownFileType = folder.assetcatalog; path = Assets.xcassets; sourceTree = "<group>"; };
		41668A1625D4F68E00FCBC8A /* Base */ = {isa = PBXFileReference; lastKnownFileType = file.storyboard; name = Base; path = Base.lproj/Main.storyboard; sourceTree = "<group>"; };
		41668A1825D4F68E00FCBC8A /* Info.plist */ = {isa = PBXFileReference; lastKnownFileType = text.plist.xml; path = Info.plist; sourceTree = "<group>"; };
		41668A1925D4F68E00FCBC8A /* CocoaGrimoire.entitlements */ = {isa = PBXFileReference; lastKnownFileType = text.plist.entitlements; path = CocoaGrimoire.entitlements; sourceTree = "<group>"; };
		41668A1E25D4F68E00FCBC8A /* CocoaGrimoireTests.xctest */ = {isa = PBXFileReference; explicitFileType = wrapper.cfbundle; includeInIndex = 0; path = CocoaGrimoireTests.xctest; sourceTree = BUILT_PRODUCTS_DIR; };
		41668A2225D4F68E00FCBC8A /* CocoaGrimoireTests.swift */ = {isa = PBXFileReference; lastKnownFileType = sourcecode.swift; path = CocoaGrimoireTests.swift; sourceTree = "<group>"; };
		41668A2425D4F68E00FCBC8A /* Info.plist */ = {isa = PBXFileReference; lastKnownFileType = text.plist.xml; path = Info.plist; sourceTree = "<group>"; };
		41668A2925D4F68E00FCBC8A /* CocoaGrimoireUITests.xctest */ = {isa = PBXFileReference; explicitFileType = wrapper.cfbundle; includeInIndex = 0; path = CocoaGrimoireUITests.xctest; sourceTree = BUILT_PRODUCTS_DIR; };
		41668A2D25D4F68E00FCBC8A /* CocoaGrimoireUITests.swift */ = {isa = PBXFileReference; lastKnownFileType = sourcecode.swift; path = CocoaGrimoireUITests.swift; sourceTree = "<group>"; };
		41668A2F25D4F68E00FCBC8A /* Info.plist */ = {isa = PBXFileReference; lastKnownFileType = text.plist.xml; path = Info.plist; sourceTree = "<group>"; };
		41668A4425D4FD0A00FCBC8A /* README.md */ = {isa = PBXFileReference; fileEncoding = 4; lastKnownFileType = net.daringfireball.markdown; path = README.md; sourceTree = "<group>"; };
/* End PBXFileReference section */

/* Begin PBXFrameworksBuildPhase section */
		41668A0925D4F68C00FCBC8A /* Frameworks */ = {
			isa = PBXFrameworksBuildPhase;
			buildActionMask = 2147483647;
			files = (
				41668A6125D5E76D00FCBC8A /* SlamTaskSpellBook in Frameworks */,
				41668A5B25D5082F00FCBC8A /* PreferencesSpellBook in Frameworks */,
				41668A5225D4FED600FCBC8A /* CocoaSpellBook in Frameworks */,
				41668A4025D4FCE500FCBC8A /* SwiftSpellBook in Frameworks */,
			);
			runOnlyForDeploymentPostprocessing = 0;
		};
		41668A1B25D4F68E00FCBC8A /* Frameworks */ = {
			isa = PBXFrameworksBuildPhase;
			buildActionMask = 2147483647;
			files = (
			);
			runOnlyForDeploymentPostprocessing = 0;
		};
		41668A2625D4F68E00FCBC8A /* Frameworks */ = {
			isa = PBXFrameworksBuildPhase;
			buildActionMask = 2147483647;
			files = (
			);
			runOnlyForDeploymentPostprocessing = 0;
		};
/* End PBXFrameworksBuildPhase section */

/* Begin PBXGroup section */
		41668A0325D4F68C00FCBC8A = {
			isa = PBXGroup;
			children = (
				41668A4425D4FD0A00FCBC8A /* README.md */,
				4129047025D64FD400156364 /* Legal.rtf */,
				41668A0E25D4F68C00FCBC8A /* CocoaGrimoire */,
				41668A2125D4F68E00FCBC8A /* CocoaGrimoireTests */,
				41668A2C25D4F68E00FCBC8A /* CocoaGrimoireUITests */,
				41668A0D25D4F68C00FCBC8A /* Products */,
			);
			sourceTree = "<group>";
		};
		41668A0D25D4F68C00FCBC8A /* Products */ = {
			isa = PBXGroup;
			children = (
				41668A0C25D4F68C00FCBC8A /* CocoaGrimoire.app */,
				41668A1E25D4F68E00FCBC8A /* CocoaGrimoireTests.xctest */,
				41668A2925D4F68E00FCBC8A /* CocoaGrimoireUITests.xctest */,
			);
			name = Products;
			sourceTree = "<group>";
		};
		41668A0E25D4F68C00FCBC8A /* CocoaGrimoire */ = {
			isa = PBXGroup;
			children = (
				41668A0F25D4F68C00FCBC8A /* AppDelegate.swift */,
				41668A1125D4F68C00FCBC8A /* GrimoireViewController.swift */,
				41668A1325D4F68E00FCBC8A /* Assets.xcassets */,
				41668A1525D4F68E00FCBC8A /* Main.storyboard */,
				41668A1825D4F68E00FCBC8A /* Info.plist */,
				41668A1925D4F68E00FCBC8A /* CocoaGrimoire.entitlements */,
			);
			path = CocoaGrimoire;
			sourceTree = "<group>";
		};
		41668A2125D4F68E00FCBC8A /* CocoaGrimoireTests */ = {
			isa = PBXGroup;
			children = (
				41668A2225D4F68E00FCBC8A /* CocoaGrimoireTests.swift */,
				41668A2425D4F68E00FCBC8A /* Info.plist */,
			);
			path = CocoaGrimoireTests;
			sourceTree = "<group>";
		};
		41668A2C25D4F68E00FCBC8A /* CocoaGrimoireUITests */ = {
			isa = PBXGroup;
			children = (
				41668A2D25D4F68E00FCBC8A /* CocoaGrimoireUITests.swift */,
				41668A2F25D4F68E00FCBC8A /* Info.plist */,
			);
			path = CocoaGrimoireUITests;
			sourceTree = "<group>";
		};
/* End PBXGroup section */

/* Begin PBXNativeTarget section */
		41668A0B25D4F68C00FCBC8A /* CocoaGrimoire */ = {
			isa = PBXNativeTarget;
			buildConfigurationList = 41668A3225D4F68E00FCBC8A /* Build configuration list for PBXNativeTarget "CocoaGrimoire" */;
			buildPhases = (
				41668A0825D4F68C00FCBC8A /* Sources */,
				41668A0925D4F68C00FCBC8A /* Frameworks */,
				41668A0A25D4F68C00FCBC8A /* Resources */,
			);
			buildRules = (
			);
			dependencies = (
			);
			name = CocoaGrimoire;
			packageProductDependencies = (
				41668A3F25D4FCE500FCBC8A /* SwiftSpellBook */,
				41668A5125D4FED600FCBC8A /* CocoaSpellBook */,
				41668A5A25D5082F00FCBC8A /* PreferencesSpellBook */,
				41668A6025D5E76D00FCBC8A /* SlamTaskSpellBook */,
			);
			productName = CocoaGrimoire;
			productReference = 41668A0C25D4F68C00FCBC8A /* CocoaGrimoire.app */;
			productType = "com.apple.product-type.application";
		};
		41668A1D25D4F68E00FCBC8A /* CocoaGrimoireTests */ = {
			isa = PBXNativeTarget;
			buildConfigurationList = 41668A3525D4F68E00FCBC8A /* Build configuration list for PBXNativeTarget "CocoaGrimoireTests" */;
			buildPhases = (
				41668A1A25D4F68E00FCBC8A /* Sources */,
				41668A1B25D4F68E00FCBC8A /* Frameworks */,
				41668A1C25D4F68E00FCBC8A /* Resources */,
			);
			buildRules = (
			);
			dependencies = (
				41668A2025D4F68E00FCBC8A /* PBXTargetDependency */,
			);
			name = CocoaGrimoireTests;
			productName = CocoaGrimoireTests;
			productReference = 41668A1E25D4F68E00FCBC8A /* CocoaGrimoireTests.xctest */;
			productType = "com.apple.product-type.bundle.unit-test";
		};
		41668A2825D4F68E00FCBC8A /* CocoaGrimoireUITests */ = {
			isa = PBXNativeTarget;
			buildConfigurationList = 41668A3825D4F68E00FCBC8A /* Build configuration list for PBXNativeTarget "CocoaGrimoireUITests" */;
			buildPhases = (
				41668A2525D4F68E00FCBC8A /* Sources */,
				41668A2625D4F68E00FCBC8A /* Frameworks */,
				41668A2725D4F68E00FCBC8A /* Resources */,
			);
			buildRules = (
			);
			dependencies = (
				41668A2B25D4F68E00FCBC8A /* PBXTargetDependency */,
			);
			name = CocoaGrimoireUITests;
			productName = CocoaGrimoireUITests;
			productReference = 41668A2925D4F68E00FCBC8A /* CocoaGrimoireUITests.xctest */;
			productType = "com.apple.product-type.bundle.ui-testing";
		};
/* End PBXNativeTarget section */

/* Begin PBXProject section */
		41668A0425D4F68C00FCBC8A /* Project object */ = {
			isa = PBXProject;
			attributes = {
				LastSwiftUpdateCheck = 1240;
				LastUpgradeCheck = 1240;
				TargetAttributes = {
					41668A0B25D4F68C00FCBC8A = {
						CreatedOnToolsVersion = 12.4;
					};
					41668A1D25D4F68E00FCBC8A = {
						CreatedOnToolsVersion = 12.4;
						TestTargetID = 41668A0B25D4F68C00FCBC8A;
					};
					41668A2825D4F68E00FCBC8A = {
						CreatedOnToolsVersion = 12.4;
						TestTargetID = 41668A0B25D4F68C00FCBC8A;
					};
				};
			};
			buildConfigurationList = 41668A0725D4F68C00FCBC8A /* Build configuration list for PBXProject "CocoaGrimoire" */;
			compatibilityVersion = "Xcode 9.3";
			developmentRegion = en;
			hasScannedForEncodings = 0;
			knownRegions = (
				en,
				Base,
			);
			mainGroup = 41668A0325D4F68C00FCBC8A;
			packageReferences = (
				41668A3E25D4FCE500FCBC8A /* XCRemoteSwiftPackageReference "SwiftSpellBook" */,
				41668A5025D4FED600FCBC8A /* XCRemoteSwiftPackageReference "CocoaSpellBook" */,
				41668A5925D5082F00FCBC8A /* XCRemoteSwiftPackageReference "PreferencesSpellBook" */,
				41668A5F25D5E76C00FCBC8A /* XCRemoteSwiftPackageReference "SlamTaskSpellBook" */,
			);
			productRefGroup = 41668A0D25D4F68C00FCBC8A /* Products */;
			projectDirPath = "";
			projectRoot = "";
			targets = (
				41668A0B25D4F68C00FCBC8A /* CocoaGrimoire */,
				41668A1D25D4F68E00FCBC8A /* CocoaGrimoireTests */,
				41668A2825D4F68E00FCBC8A /* CocoaGrimoireUITests */,
			);
		};
/* End PBXProject section */

/* Begin PBXResourcesBuildPhase section */
		41668A0A25D4F68C00FCBC8A /* Resources */ = {
			isa = PBXResourcesBuildPhase;
			buildActionMask = 2147483647;
			files = (
				4129047425D6501600156364 /* Legal.rtf in Resources */,
				41668A1425D4F68E00FCBC8A /* Assets.xcassets in Resources */,
				41668A1725D4F68E00FCBC8A /* Main.storyboard in Resources */,
			);
			runOnlyForDeploymentPostprocessing = 0;
		};
		41668A1C25D4F68E00FCBC8A /* Resources */ = {
			isa = PBXResourcesBuildPhase;
			buildActionMask = 2147483647;
			files = (
			);
			runOnlyForDeploymentPostprocessing = 0;
		};
		41668A2725D4F68E00FCBC8A /* Resources */ = {
			isa = PBXResourcesBuildPhase;
			buildActionMask = 2147483647;
			files = (
			);
			runOnlyForDeploymentPostprocessing = 0;
		};
/* End PBXResourcesBuildPhase section */

/* Begin PBXSourcesBuildPhase section */
		41668A0825D4F68C00FCBC8A /* Sources */ = {
			isa = PBXSourcesBuildPhase;
			buildActionMask = 2147483647;
			files = (
				41668A1225D4F68C00FCBC8A /* GrimoireViewController.swift in Sources */,
				41668A1025D4F68C00FCBC8A /* AppDelegate.swift in Sources */,
			);
			runOnlyForDeploymentPostprocessing = 0;
		};
		41668A1A25D4F68E00FCBC8A /* Sources */ = {
			isa = PBXSourcesBuildPhase;
			buildActionMask = 2147483647;
			files = (
				41668A2325D4F68E00FCBC8A /* CocoaGrimoireTests.swift in Sources */,
			);
			runOnlyForDeploymentPostprocessing = 0;
		};
		41668A2525D4F68E00FCBC8A /* Sources */ = {
			isa = PBXSourcesBuildPhase;
			buildActionMask = 2147483647;
			files = (
				41668A2E25D4F68E00FCBC8A /* CocoaGrimoireUITests.swift in Sources */,
			);
			runOnlyForDeploymentPostprocessing = 0;
		};
/* End PBXSourcesBuildPhase section */

/* Begin PBXTargetDependency section */
		41668A2025D4F68E00FCBC8A /* PBXTargetDependency */ = {
			isa = PBXTargetDependency;
			target = 41668A0B25D4F68C00FCBC8A /* CocoaGrimoire */;
			targetProxy = 41668A1F25D4F68E00FCBC8A /* PBXContainerItemProxy */;
		};
		41668A2B25D4F68E00FCBC8A /* PBXTargetDependency */ = {
			isa = PBXTargetDependency;
			target = 41668A0B25D4F68C00FCBC8A /* CocoaGrimoire */;
			targetProxy = 41668A2A25D4F68E00FCBC8A /* PBXContainerItemProxy */;
		};
/* End PBXTargetDependency section */

/* Begin PBXVariantGroup section */
		41668A1525D4F68E00FCBC8A /* Main.storyboard */ = {
			isa = PBXVariantGroup;
			children = (
				41668A1625D4F68E00FCBC8A /* Base */,
			);
			name = Main.storyboard;
			sourceTree = "<group>";
		};
/* End PBXVariantGroup section */

/* Begin XCBuildConfiguration section */
		41668A3025D4F68E00FCBC8A /* Debug */ = {
			isa = XCBuildConfiguration;
			buildSettings = {
				ALWAYS_SEARCH_USER_PATHS = NO;
				CLANG_ANALYZER_NONNULL = YES;
				CLANG_ANALYZER_NUMBER_OBJECT_CONVERSION = YES_AGGRESSIVE;
				CLANG_CXX_LANGUAGE_STANDARD = "gnu++14";
				CLANG_CXX_LIBRARY = "libc++";
				CLANG_ENABLE_MODULES = YES;
				CLANG_ENABLE_OBJC_ARC = YES;
				CLANG_ENABLE_OBJC_WEAK = YES;
				CLANG_WARN_BLOCK_CAPTURE_AUTORELEASING = YES;
				CLANG_WARN_BOOL_CONVERSION = YES;
				CLANG_WARN_COMMA = YES;
				CLANG_WARN_CONSTANT_CONVERSION = YES;
				CLANG_WARN_DEPRECATED_OBJC_IMPLEMENTATIONS = YES;
				CLANG_WARN_DIRECT_OBJC_ISA_USAGE = YES_ERROR;
				CLANG_WARN_DOCUMENTATION_COMMENTS = YES;
				CLANG_WARN_EMPTY_BODY = YES;
				CLANG_WARN_ENUM_CONVERSION = YES;
				CLANG_WARN_INFINITE_RECURSION = YES;
				CLANG_WARN_INT_CONVERSION = YES;
				CLANG_WARN_NON_LITERAL_NULL_CONVERSION = YES;
				CLANG_WARN_OBJC_IMPLICIT_RETAIN_SELF = YES;
				CLANG_WARN_OBJC_LITERAL_CONVERSION = YES;
				CLANG_WARN_OBJC_ROOT_CLASS = YES_ERROR;
				CLANG_WARN_QUOTED_INCLUDE_IN_FRAMEWORK_HEADER = YES;
				CLANG_WARN_RANGE_LOOP_ANALYSIS = YES;
				CLANG_WARN_STRICT_PROTOTYPES = YES;
				CLANG_WARN_SUSPICIOUS_MOVE = YES;
				CLANG_WARN_UNGUARDED_AVAILABILITY = YES_AGGRESSIVE;
				CLANG_WARN_UNREACHABLE_CODE = YES;
				CLANG_WARN__DUPLICATE_METHOD_MATCH = YES;
				COPY_PHASE_STRIP = NO;
				DEBUG_INFORMATION_FORMAT = dwarf;
				ENABLE_STRICT_OBJC_MSGSEND = YES;
				ENABLE_TESTABILITY = YES;
				GCC_C_LANGUAGE_STANDARD = gnu11;
				GCC_DYNAMIC_NO_PIC = NO;
				GCC_NO_COMMON_BLOCKS = YES;
				GCC_OPTIMIZATION_LEVEL = 0;
				GCC_PREPROCESSOR_DEFINITIONS = (
					"DEBUG=1",
					"$(inherited)",
				);
				GCC_WARN_64_TO_32_BIT_CONVERSION = YES;
				GCC_WARN_ABOUT_RETURN_TYPE = YES_ERROR;
				GCC_WARN_UNDECLARED_SELECTOR = YES;
				GCC_WARN_UNINITIALIZED_AUTOS = YES_AGGRESSIVE;
				GCC_WARN_UNUSED_FUNCTION = YES;
				GCC_WARN_UNUSED_VARIABLE = YES;
				MACOSX_DEPLOYMENT_TARGET = 11.1;
				MTL_ENABLE_DEBUG_INFO = INCLUDE_SOURCE;
				MTL_FAST_MATH = YES;
				ONLY_ACTIVE_ARCH = YES;
				SDKROOT = macosx;
				SWIFT_ACTIVE_COMPILATION_CONDITIONS = DEBUG;
				SWIFT_OPTIMIZATION_LEVEL = "-Onone";
			};
			name = Debug;
		};
		41668A3125D4F68E00FCBC8A /* Release */ = {
			isa = XCBuildConfiguration;
			buildSettings = {
				ALWAYS_SEARCH_USER_PATHS = NO;
				CLANG_ANALYZER_NONNULL = YES;
				CLANG_ANALYZER_NUMBER_OBJECT_CONVERSION = YES_AGGRESSIVE;
				CLANG_CXX_LANGUAGE_STANDARD = "gnu++14";
				CLANG_CXX_LIBRARY = "libc++";
				CLANG_ENABLE_MODULES = YES;
				CLANG_ENABLE_OBJC_ARC = YES;
				CLANG_ENABLE_OBJC_WEAK = YES;
				CLANG_WARN_BLOCK_CAPTURE_AUTORELEASING = YES;
				CLANG_WARN_BOOL_CONVERSION = YES;
				CLANG_WARN_COMMA = YES;
				CLANG_WARN_CONSTANT_CONVERSION = YES;
				CLANG_WARN_DEPRECATED_OBJC_IMPLEMENTATIONS = YES;
				CLANG_WARN_DIRECT_OBJC_ISA_USAGE = YES_ERROR;
				CLANG_WARN_DOCUMENTATION_COMMENTS = YES;
				CLANG_WARN_EMPTY_BODY = YES;
				CLANG_WARN_ENUM_CONVERSION = YES;
				CLANG_WARN_INFINITE_RECURSION = YES;
				CLANG_WARN_INT_CONVERSION = YES;
				CLANG_WARN_NON_LITERAL_NULL_CONVERSION = YES;
				CLANG_WARN_OBJC_IMPLICIT_RETAIN_SELF = YES;
				CLANG_WARN_OBJC_LITERAL_CONVERSION = YES;
				CLANG_WARN_OBJC_ROOT_CLASS = YES_ERROR;
				CLANG_WARN_QUOTED_INCLUDE_IN_FRAMEWORK_HEADER = YES;
				CLANG_WARN_RANGE_LOOP_ANALYSIS = YES;
				CLANG_WARN_STRICT_PROTOTYPES = YES;
				CLANG_WARN_SUSPICIOUS_MOVE = YES;
				CLANG_WARN_UNGUARDED_AVAILABILITY = YES_AGGRESSIVE;
				CLANG_WARN_UNREACHABLE_CODE = YES;
				CLANG_WARN__DUPLICATE_METHOD_MATCH = YES;
				COPY_PHASE_STRIP = NO;
				DEBUG_INFORMATION_FORMAT = "dwarf-with-dsym";
				ENABLE_NS_ASSERTIONS = NO;
				ENABLE_STRICT_OBJC_MSGSEND = YES;
				GCC_C_LANGUAGE_STANDARD = gnu11;
				GCC_NO_COMMON_BLOCKS = YES;
				GCC_WARN_64_TO_32_BIT_CONVERSION = YES;
				GCC_WARN_ABOUT_RETURN_TYPE = YES_ERROR;
				GCC_WARN_UNDECLARED_SELECTOR = YES;
				GCC_WARN_UNINITIALIZED_AUTOS = YES_AGGRESSIVE;
				GCC_WARN_UNUSED_FUNCTION = YES;
				GCC_WARN_UNUSED_VARIABLE = YES;
				MACOSX_DEPLOYMENT_TARGET = 11.1;
				MTL_ENABLE_DEBUG_INFO = NO;
				MTL_FAST_MATH = YES;
				SDKROOT = macosx;
				SWIFT_COMPILATION_MODE = wholemodule;
				SWIFT_OPTIMIZATION_LEVEL = "-O";
			};
			name = Release;
		};
		41668A3325D4F68E00FCBC8A /* Debug */ = {
			isa = XCBuildConfiguration;
			buildSettings = {
				ASSETCATALOG_COMPILER_APPICON_NAME = AppIcon;
				ASSETCATALOG_COMPILER_GLOBAL_ACCENT_COLOR_NAME = AccentColor;
				CODE_SIGN_ENTITLEMENTS = CocoaGrimoire/CocoaGrimoire.entitlements;
				CODE_SIGN_STYLE = Automatic;
				COMBINE_HIDPI_IMAGES = YES;
				DEVELOPMENT_TEAM = 44Q9LHQ5T3;
				ENABLE_HARDENED_RUNTIME = YES;
				INFOPLIST_FILE = CocoaGrimoire/Info.plist;
				LD_RUNPATH_SEARCH_PATHS = (
					"$(inherited)",
					"@executable_path/../Frameworks",
				);
				PRODUCT_BUNDLE_IDENTIFIER = com.magesteve.CocoaGrimoire;
				PRODUCT_NAME = "$(TARGET_NAME)";
				SWIFT_VERSION = 5.0;
			};
			name = Debug;
		};
		41668A3425D4F68E00FCBC8A /* Release */ = {
			isa = XCBuildConfiguration;
			buildSettings = {
				ASSETCATALOG_COMPILER_APPICON_NAME = AppIcon;
				ASSETCATALOG_COMPILER_GLOBAL_ACCENT_COLOR_NAME = AccentColor;
				CODE_SIGN_ENTITLEMENTS = CocoaGrimoire/CocoaGrimoire.entitlements;
				CODE_SIGN_STYLE = Automatic;
				COMBINE_HIDPI_IMAGES = YES;
				DEVELOPMENT_TEAM = 44Q9LHQ5T3;
				ENABLE_HARDENED_RUNTIME = YES;
				INFOPLIST_FILE = CocoaGrimoire/Info.plist;
				LD_RUNPATH_SEARCH_PATHS = (
					"$(inherited)",
					"@executable_path/../Frameworks",
				);
				PRODUCT_BUNDLE_IDENTIFIER = com.magesteve.CocoaGrimoire;
				PRODUCT_NAME = "$(TARGET_NAME)";
				SWIFT_VERSION = 5.0;
			};
			name = Release;
		};
		41668A3625D4F68E00FCBC8A /* Debug */ = {
			isa = XCBuildConfiguration;
			buildSettings = {
				ALWAYS_EMBED_SWIFT_STANDARD_LIBRARIES = YES;
				BUNDLE_LOADER = "$(TEST_HOST)";
				CODE_SIGN_STYLE = Automatic;
				COMBINE_HIDPI_IMAGES = YES;
				DEVELOPMENT_TEAM = 44Q9LHQ5T3;
				INFOPLIST_FILE = CocoaGrimoireTests/Info.plist;
				LD_RUNPATH_SEARCH_PATHS = (
					"$(inherited)",
					"@executable_path/../Frameworks",
					"@loader_path/../Frameworks",
				);
				MACOSX_DEPLOYMENT_TARGET = 11.1;
				PRODUCT_BUNDLE_IDENTIFIER = com.magesteve.CocoaGrimoireTests;
				PRODUCT_NAME = "$(TARGET_NAME)";
				SWIFT_VERSION = 5.0;
				TEST_HOST = "$(BUILT_PRODUCTS_DIR)/CocoaGrimoire.app/Contents/MacOS/CocoaGrimoire";
			};
			name = Debug;
		};
		41668A3725D4F68E00FCBC8A /* Release */ = {
			isa = XCBuildConfiguration;
			buildSettings = {
				ALWAYS_EMBED_SWIFT_STANDARD_LIBRARIES = YES;
				BUNDLE_LOADER = "$(TEST_HOST)";
				CODE_SIGN_STYLE = Automatic;
				COMBINE_HIDPI_IMAGES = YES;
				DEVELOPMENT_TEAM = 44Q9LHQ5T3;
				INFOPLIST_FILE = CocoaGrimoireTests/Info.plist;
				LD_RUNPATH_SEARCH_PATHS = (
					"$(inherited)",
					"@executable_path/../Frameworks",
					"@loader_path/../Frameworks",
				);
				MACOSX_DEPLOYMENT_TARGET = 11.1;
				PRODUCT_BUNDLE_IDENTIFIER = com.magesteve.CocoaGrimoireTests;
				PRODUCT_NAME = "$(TARGET_NAME)";
				SWIFT_VERSION = 5.0;
				TEST_HOST = "$(BUILT_PRODUCTS_DIR)/CocoaGrimoire.app/Contents/MacOS/CocoaGrimoire";
			};
			name = Release;
		};
		41668A3925D4F68E00FCBC8A /* Debug */ = {
			isa = XCBuildConfiguration;
			buildSettings = {
				ALWAYS_EMBED_SWIFT_STANDARD_LIBRARIES = YES;
				CODE_SIGN_STYLE = Automatic;
				COMBINE_HIDPI_IMAGES = YES;
				DEVELOPMENT_TEAM = 44Q9LHQ5T3;
				INFOPLIST_FILE = CocoaGrimoireUITests/Info.plist;
				LD_RUNPATH_SEARCH_PATHS = (
					"$(inherited)",
					"@executable_path/../Frameworks",
					"@loader_path/../Frameworks",
				);
				PRODUCT_BUNDLE_IDENTIFIER = com.magesteve.CocoaGrimoireUITests;
				PRODUCT_NAME = "$(TARGET_NAME)";
				SWIFT_VERSION = 5.0;
				TEST_TARGET_NAME = CocoaGrimoire;
			};
			name = Debug;
		};
		41668A3A25D4F68E00FCBC8A /* Release */ = {
			isa = XCBuildConfiguration;
			buildSettings = {
				ALWAYS_EMBED_SWIFT_STANDARD_LIBRARIES = YES;
				CODE_SIGN_STYLE = Automatic;
				COMBINE_HIDPI_IMAGES = YES;
				DEVELOPMENT_TEAM = 44Q9LHQ5T3;
				INFOPLIST_FILE = CocoaGrimoireUITests/Info.plist;
				LD_RUNPATH_SEARCH_PATHS = (
					"$(inherited)",
					"@executable_path/../Frameworks",
					"@loader_path/../Frameworks",
				);
				PRODUCT_BUNDLE_IDENTIFIER = com.magesteve.CocoaGrimoireUITests;
				PRODUCT_NAME = "$(TARGET_NAME)";
				SWIFT_VERSION = 5.0;
				TEST_TARGET_NAME = CocoaGrimoire;
			};
			name = Release;
		};
/* End XCBuildConfiguration section */

/* Begin XCConfigurationList section */
		41668A0725D4F68C00FCBC8A /* Build configuration list for PBXProject "CocoaGrimoire" */ = {
			isa = XCConfigurationList;
			buildConfigurations = (
				41668A3025D4F68E00FCBC8A /* Debug */,
				41668A3125D4F68E00FCBC8A /* Release */,
			);
			defaultConfigurationIsVisible = 0;
			defaultConfigurationName = Release;
		};
		41668A3225D4F68E00FCBC8A /* Build configuration list for PBXNativeTarget "CocoaGrimoire" */ = {
			isa = XCConfigurationList;
			buildConfigurations = (
				41668A3325D4F68E00FCBC8A /* Debug */,
				41668A3425D4F68E00FCBC8A /* Release */,
			);
			defaultConfigurationIsVisible = 0;
			defaultConfigurationName = Release;
		};
		41668A3525D4F68E00FCBC8A /* Build configuration list for PBXNativeTarget "CocoaGrimoireTests" */ = {
			isa = XCConfigurationList;
			buildConfigurations = (
				41668A3625D4F68E00FCBC8A /* Debug */,
				41668A3725D4F68E00FCBC8A /* Release */,
			);
			defaultConfigurationIsVisible = 0;
			defaultConfigurationName = Release;
		};
		41668A3825D4F68E00FCBC8A /* Build configuration list for PBXNativeTarget "CocoaGrimoireUITests" */ = {
			isa = XCConfigurationList;
			buildConfigurations = (
				41668A3925D4F68E00FCBC8A /* Debug */,
				41668A3A25D4F68E00FCBC8A /* Release */,
			);
			defaultConfigurationIsVisible = 0;
			defaultConfigurationName = Release;
		};
/* End XCConfigurationList section */

/* Begin XCRemoteSwiftPackageReference section */
		41668A3E25D4FCE500FCBC8A /* XCRemoteSwiftPackageReference "SwiftSpellBook" */ = {
			isa = XCRemoteSwiftPackageReference;
			repositoryURL = "https://github.com/magesteve/SwiftSpellBook.git";
			requirement = {
				kind = upToNextMajorVersion;
				minimumVersion = 1.0.5;
			};
		};
		41668A5025D4FED600FCBC8A /* XCRemoteSwiftPackageReference "CocoaSpellBook" */ = {
			isa = XCRemoteSwiftPackageReference;
			repositoryURL = "https://github.com/magesteve/CocoaSpellBook.git";
			requirement = {
				kind = upToNextMajorVersion;
				minimumVersion = 1.0.7;
			};
		};
		41668A5925D5082F00FCBC8A /* XCRemoteSwiftPackageReference "PreferencesSpellBook" */ = {
			isa = XCRemoteSwiftPackageReference;
			repositoryURL = "https://github.com/magesteve/PreferencesSpellBook.git";
			requirement = {
				kind = upToNextMajorVersion;
				minimumVersion = 1.0.1;
			};
		};
		41668A5F25D5E76C00FCBC8A /* XCRemoteSwiftPackageReference "SlamTaskSpellBook" */ = {
			isa = XCRemoteSwiftPackageReference;
			repositoryURL = "https://github.com/magesteve/SlamTaskSpellBook.git";
			requirement = {
				kind = upToNextMajorVersion;
				minimumVersion = 1.0.4;
			};
		};
/* End XCRemoteSwiftPackageReference section */

/* Begin XCSwiftPackageProductDependency section */
		41668A3F25D4FCE500FCBC8A /* SwiftSpellBook */ = {
			isa = XCSwiftPackageProductDependency;
			package = 41668A3E25D4FCE500FCBC8A /* XCRemoteSwiftPackageReference "SwiftSpellBook" */;
			productName = SwiftSpellBook;
		};
		41668A5125D4FED600FCBC8A /* CocoaSpellBook */ = {
			isa = XCSwiftPackageProductDependency;
			package = 41668A5025D4FED600FCBC8A /* XCRemoteSwiftPackageReference "CocoaSpellBook" */;
			productName = CocoaSpellBook;
		};
		41668A5A25D5082F00FCBC8A /* PreferencesSpellBook */ = {
			isa = XCSwiftPackageProductDependency;
			package = 41668A5925D5082F00FCBC8A /* XCRemoteSwiftPackageReference "PreferencesSpellBook" */;
			productName = PreferencesSpellBook;
		};
		41668A6025D5E76D00FCBC8A /* SlamTaskSpellBook */ = {
			isa = XCSwiftPackageProductDependency;
			package = 41668A5F25D5E76C00FCBC8A /* XCRemoteSwiftPackageReference "SlamTaskSpellBook" */;
			productName = SlamTaskSpellBook;
		};
/* End XCSwiftPackageProductDependency section */
	};
	rootObject = 41668A0425D4F68C00FCBC8A /* Project object */;
}
