{
  "object": {
    "pins": [
      {
        "package": "CocoaSpellBook",
        "repositoryURL": "https://github.com/magesteve/CocoaSpellBook.git",
        "state": {
          "branch": null,
          "revision": "54bf306f37a1b34594c1cf1213442232586ca029",
          "version": "1.0.8"
        }
      },
      {
        "package": "InspectorSpellBook",
        "repositoryURL": "https://github.com/magesteve/InspectorSpellBook.git",
        "state": {
          "branch": null,
          "revision": "fad3dbd32ce62c486154af1c597250b013fae79d",
          "version": "1.0.0"
        }
      },
      {
        "package": "PreferencesSpellBook",
        "repositoryURL": "https://github.com/magesteve/PreferencesSpellBook.git",
        "state": {
          "branch": null,
          "revision": "5baad5b5431b2b95f27748688886de0ac911e360",
          "version": "1.0.3"
        }
      },
      {
        "package": "SlamTaskSpellBook",
        "repositoryURL": "https://github.com/magesteve/SlamTaskSpellBook.git",
        "state": {
          "branch": null,
          "revision": "6c1a64fd5e469ef60eaecd8020241185cc019890",
          "version": "1.0.4"
        }
      },
      {
        "package": "SwiftSpellBook",
        "repositoryURL": "https://github.com/magesteve/SwiftSpellBook.git",
        "state": {
          "branch": null,
          "revision": "77d35cea2ecaaeb74fbdea968e32c9c82dae1836",
          "version": "1.0.9"
        }
      }
    ]
  },
  "version": 1
}
