{
  "object": {
    "pins": [
      {
        "package": "CocoaSpellBook",
        "repositoryURL": "https://github.com/magesteve/CocoaSpellBook.git",
        "state": {
          "branch": null,
          "revision": "025bef9b74be1f863ea0873ae1474940a5e6866e",
          "version": "1.1.0"
        }
      },
      {
        "package": "InspectorSpellBook",
        "repositoryURL": "https://github.com/magesteve/InspectorSpellBook.git",
        "state": {
          "branch": null,
          "revision": "32e716a4ad444a87097e4c7dd49b39fab90a1caf",
          "version": "1.0.2"
        }
      },
      {
        "package": "PreferencesSpellBook",
        "repositoryURL": "https://github.com/magesteve/PreferencesSpellBook.git",
        "state": {
          "branch": null,
          "revision": "3a313fa91e43854b751e0249bf56e0ea44060a9b",
          "version": "1.0.4"
        }
      },
      {
        "package": "SlamTaskSpellBook",
        "repositoryURL": "https://github.com/magesteve/SlamTaskSpellBook.git",
        "state": {
          "branch": null,
          "revision": "9afa228164ef5356ee3d8786331033397a4973b6",
          "version": "1.0.5"
        }
      },
      {
        "package": "SwiftSpellBook",
        "repositoryURL": "https://github.com/magesteve/SwiftSpellBook.git",
        "state": {
          "branch": null,
          "revision": "ef73460bf05a20b767758f3b739d0b78be362bef",
          "version": "1.1.0"
        }
      }
    ]
  },
  "version": 1
}
