{
  "object": {
    "pins": [
      {
        "package": "CocoaSpellBook",
        "repositoryURL": "https://github.com/magesteve/CocoaSpellBook.git",
        "state": {
          "branch": null,
          "revision": "9c3cb3f6bb348c23d60741522bda8f96c754b1dc",
          "version": "1.0.7"
        }
      },
      {
        "package": "PreferencesSpellBook",
        "repositoryURL": "https://github.com/magesteve/PreferencesSpellBook.git",
        "state": {
          "branch": null,
          "revision": "145f7094db19db9dc48d86b99d53782de5b872c1",
          "version": "1.0.1"
        }
      },
      {
        "package": "SwiftSpellBook",
        "repositoryURL": "https://github.com/magesteve/SwiftSpellBook.git",
        "state": {
          "branch": null,
          "revision": "8c18a67350fb449ee5131f02bf9aca21a8da938f",
          "version": "1.0.5"
        }
      }
    ]
  },
  "version": 1
}
